// !$*UTF8*$!
{
	archiveVersion = 1;
	classes = {
	};
	objectVersion = 56;
	objects = {

/* Begin PBXBuildFile section */
		120D64162B55B3E500BDCB00 /* AppDelegate.swift in Sources */ = {isa = PBXBuildFile; fileRef = 120D64152B55B3E500BDCB00 /* AppDelegate.swift */; };
		120D64182B55B3E500BDCB00 /* SceneDelegate.swift in Sources */ = {isa = PBXBuildFile; fileRef = 120D64172B55B3E500BDCB00 /* SceneDelegate.swift */; };
		120D641D2B55B3E500BDCB00 /* Main.storyboard in Resources */ = {isa = PBXBuildFile; fileRef = 120D641B2B55B3E500BDCB00 /* Main.storyboard */; };
		120D641F2B55B3E600BDCB00 /* Assets.xcassets in Resources */ = {isa = PBXBuildFile; fileRef = 120D641E2B55B3E600BDCB00 /* Assets.xcassets */; };
		120D64222B55B3E600BDCB00 /* LaunchScreen.storyboard in Resources */ = {isa = PBXBuildFile; fileRef = 120D64202B55B3E600BDCB00 /* LaunchScreen.storyboard */; };
		12A9A5B82B56C53200D007A1 /* JAChatViewController.swift in Sources */ = {isa = PBXBuildFile; fileRef = 12A9A5B72B56C53200D007A1 /* JAChatViewController.swift */; };
		12A9A5BB2B56C58100D007A1 /* JAChatView.swift in Sources */ = {isa = PBXBuildFile; fileRef = 12A9A5BA2B56C58100D007A1 /* JAChatView.swift */; };
		12A9A5BE2B56C79E00D007A1 /* JAChatTypingIndicatorView.swift in Sources */ = {isa = PBXBuildFile; fileRef = 12A9A5BD2B56C79E00D007A1 /* JAChatTypingIndicatorView.swift */; };
		12A9A5C32B56C89700D007A1 /* JAChatItemStore.swift in Sources */ = {isa = PBXBuildFile; fileRef = 12A9A5C22B56C89700D007A1 /* JAChatItemStore.swift */; };
		12A9A5C52B56CC5800D007A1 /* JACommons.swift in Sources */ = {isa = PBXBuildFile; fileRef = 12A9A5C42B56CC5800D007A1 /* JACommons.swift */; };
		12A9A5C72B56D2D000D007A1 /* JAChatTextView.swift in Sources */ = {isa = PBXBuildFile; fileRef = 12A9A5C62B56D2D000D007A1 /* JAChatTextView.swift */; };
		12B2EA752B581C96006C934D /* EnvironmentVariables.swift in Sources */ = {isa = PBXBuildFile; fileRef = 12B2EA742B581C96006C934D /* EnvironmentVariables.swift */; };
		12B2EA772B5820DD006C934D /* AddEnvironmentVariables.rb in Resources */ = {isa = PBXBuildFile; fileRef = 12B2EA762B5820DD006C934D /* AddEnvironmentVariables.rb */; };
/* End PBXBuildFile section */

/* Begin PBXFileReference section */
		120D64122B55B3E500BDCB00 /* Job Assistant.app */ = {isa = PBXFileReference; explicitFileType = wrapper.application; includeInIndex = 0; path = "Job Assistant.app"; sourceTree = BUILT_PRODUCTS_DIR; };
		120D64152B55B3E500BDCB00 /* AppDelegate.swift */ = {isa = PBXFileReference; lastKnownFileType = sourcecode.swift; path = AppDelegate.swift; sourceTree = "<group>"; };
		120D64172B55B3E500BDCB00 /* SceneDelegate.swift */ = {isa = PBXFileReference; lastKnownFileType = sourcecode.swift; path = SceneDelegate.swift; sourceTree = "<group>"; };
		120D641C2B55B3E500BDCB00 /* Base */ = {isa = PBXFileReference; lastKnownFileType = file.storyboard; name = Base; path = Base.lproj/Main.storyboard; sourceTree = "<group>"; };
		120D641E2B55B3E600BDCB00 /* Assets.xcassets */ = {isa = PBXFileReference; lastKnownFileType = folder.assetcatalog; path = Assets.xcassets; sourceTree = "<group>"; };
		120D64212B55B3E600BDCB00 /* Base */ = {isa = PBXFileReference; lastKnownFileType = file.storyboard; name = Base; path = Base.lproj/LaunchScreen.storyboard; sourceTree = "<group>"; };
		120D64232B55B3E600BDCB00 /* Info.plist */ = {isa = PBXFileReference; lastKnownFileType = text.plist.xml; path = Info.plist; sourceTree = "<group>"; };
		12A9A5B72B56C53200D007A1 /* JAChatViewController.swift */ = {isa = PBXFileReference; lastKnownFileType = sourcecode.swift; path = JAChatViewController.swift; sourceTree = "<group>"; };
		12A9A5BA2B56C58100D007A1 /* JAChatView.swift */ = {isa = PBXFileReference; lastKnownFileType = sourcecode.swift; path = JAChatView.swift; sourceTree = "<group>"; };
		12A9A5BD2B56C79E00D007A1 /* JAChatTypingIndicatorView.swift */ = {isa = PBXFileReference; lastKnownFileType = sourcecode.swift; path = JAChatTypingIndicatorView.swift; sourceTree = "<group>"; };
		12A9A5C22B56C89700D007A1 /* JAChatItemStore.swift */ = {isa = PBXFileReference; lastKnownFileType = sourcecode.swift; path = JAChatItemStore.swift; sourceTree = "<group>"; };
		12A9A5C42B56CC5800D007A1 /* JACommons.swift */ = {isa = PBXFileReference; lastKnownFileType = sourcecode.swift; path = JACommons.swift; sourceTree = "<group>"; };
		12A9A5C62B56D2D000D007A1 /* JAChatTextView.swift */ = {isa = PBXFileReference; lastKnownFileType = sourcecode.swift; path = JAChatTextView.swift; sourceTree = "<group>"; };
		12B2EA732B581BEA006C934D /* env-vars.sh */ = {isa = PBXFileReference; lastKnownFileType = text.script.sh; path = "env-vars.sh"; sourceTree = "<group>"; };
		12B2EA742B581C96006C934D /* EnvironmentVariables.swift */ = {isa = PBXFileReference; lastKnownFileType = sourcecode.swift; path = EnvironmentVariables.swift; sourceTree = "<group>"; };
		12B2EA762B5820DD006C934D /* AddEnvironmentVariables.rb */ = {isa = PBXFileReference; lastKnownFileType = text.script.ruby; path = AddEnvironmentVariables.rb; sourceTree = "<group>"; };
/* End PBXFileReference section */

/* Begin PBXFrameworksBuildPhase section */
		120D640F2B55B3E500BDCB00 /* Frameworks */ = {
			isa = PBXFrameworksBuildPhase;
			buildActionMask = 2147483647;
			files = (
			);
			runOnlyForDeploymentPostprocessing = 0;
		};
/* End PBXFrameworksBuildPhase section */

/* Begin PBXGroup section */
		120D64092B55B3E400BDCB00 = {
			isa = PBXGroup;
			children = (
				120D64142B55B3E500BDCB00 /* Job Assistant */,
				120D64132B55B3E500BDCB00 /* Products */,
			);
			sourceTree = "<group>";
		};
		120D64132B55B3E500BDCB00 /* Products */ = {
			isa = PBXGroup;
			children = (
				120D64122B55B3E500BDCB00 /* Job Assistant.app */,
			);
			name = Products;
			sourceTree = "<group>";
		};
		120D64142B55B3E500BDCB00 /* Job Assistant */ = {
			isa = PBXGroup;
			children = (
				12A9A5B92B56C57200D007A1 /* Chat Views */,
				120D64152B55B3E500BDCB00 /* AppDelegate.swift */,
				120D64172B55B3E500BDCB00 /* SceneDelegate.swift */,
				120D641B2B55B3E500BDCB00 /* Main.storyboard */,
				12B2EA732B581BEA006C934D /* env-vars.sh */,
				12B2EA742B581C96006C934D /* EnvironmentVariables.swift */,
				12B2EA762B5820DD006C934D /* AddEnvironmentVariables.rb */,
				120D641E2B55B3E600BDCB00 /* Assets.xcassets */,
				120D64202B55B3E600BDCB00 /* LaunchScreen.storyboard */,
				120D64232B55B3E600BDCB00 /* Info.plist */,
				12A9A5B72B56C53200D007A1 /* JAChatViewController.swift */,
			);
			path = "Job Assistant";
			sourceTree = "<group>";
		};
		12A9A5B92B56C57200D007A1 /* Chat Views */ = {
			isa = PBXGroup;
			children = (
				12A9A5BF2B56C85A00D007A1 /* Chat Store */,
				12A9A5BC2B56C77B00D007A1 /* Chat Components */,
				12A9A5BA2B56C58100D007A1 /* JAChatView.swift */,
				12A9A5C42B56CC5800D007A1 /* JACommons.swift */,
			);
			path = "Chat Views";
			sourceTree = "<group>";
		};
		12A9A5BC2B56C77B00D007A1 /* Chat Components */ = {
			isa = PBXGroup;
			children = (
				12A9A5BD2B56C79E00D007A1 /* JAChatTypingIndicatorView.swift */,
				12A9A5C62B56D2D000D007A1 /* JAChatTextView.swift */,
			);
			path = "Chat Components";
			sourceTree = "<group>";
		};
		12A9A5BF2B56C85A00D007A1 /* Chat Store */ = {
			isa = PBXGroup;
			children = (
				12A9A5C22B56C89700D007A1 /* JAChatItemStore.swift */,
			);
			path = "Chat Store";
			sourceTree = "<group>";
		};
/* End PBXGroup section */

/* Begin PBXNativeTarget section */
		120D64112B55B3E500BDCB00 /* Job Assistant */ = {
			isa = PBXNativeTarget;
			buildConfigurationList = 120D64262B55B3E600BDCB00 /* Build configuration list for PBXNativeTarget "Job Assistant" */;
			buildPhases = (
				12B2EA782B58215F006C934D /* ShellScript */,
				120D640E2B55B3E500BDCB00 /* Sources */,
				120D640F2B55B3E500BDCB00 /* Frameworks */,
				120D64102B55B3E500BDCB00 /* Resources */,
			);
			buildRules = (
			);
			dependencies = (
			);
			name = "Job Assistant";
			packageProductDependencies = (
			);
			productName = "Job Assistant";
			productReference = 120D64122B55B3E500BDCB00 /* Job Assistant.app */;
			productType = "com.apple.product-type.application";
		};
/* End PBXNativeTarget section */

/* Begin PBXProject section */
		120D640A2B55B3E400BDCB00 /* Project object */ = {
			isa = PBXProject;
			attributes = {
				BuildIndependentTargetsInParallel = 1;
				LastSwiftUpdateCheck = 1510;
				LastUpgradeCheck = 1510;
				TargetAttributes = {
					120D64112B55B3E500BDCB00 = {
						CreatedOnToolsVersion = 15.1;
					};
				};
			};
			buildConfigurationList = 120D640D2B55B3E400BDCB00 /* Build configuration list for PBXProject "Job Assistant" */;
			compatibilityVersion = "Xcode 14.0";
			developmentRegion = en;
			hasScannedForEncodings = 0;
			knownRegions = (
				en,
				Base,
			);
			mainGroup = 120D64092B55B3E400BDCB00;
			packageReferences = (
			);
			productRefGroup = 120D64132B55B3E500BDCB00 /* Products */;
			projectDirPath = "";
			projectRoot = "";
			targets = (
				120D64112B55B3E500BDCB00 /* Job Assistant */,
			);
		};
/* End PBXProject section */

/* Begin PBXResourcesBuildPhase section */
		120D64102B55B3E500BDCB00 /* Resources */ = {
			isa = PBXResourcesBuildPhase;
			buildActionMask = 2147483647;
			files = (
				120D64222B55B3E600BDCB00 /* LaunchScreen.storyboard in Resources */,
				12B2EA772B5820DD006C934D /* AddEnvironmentVariables.rb in Resources */,
				120D641F2B55B3E600BDCB00 /* Assets.xcassets in Resources */,
				120D641D2B55B3E500BDCB00 /* Main.storyboard in Resources */,
			);
			runOnlyForDeploymentPostprocessing = 0;
		};
/* End PBXResourcesBuildPhase section */

/* Begin PBXShellScriptBuildPhase section */
		12B2EA782B58215F006C934D /* ShellScript */ = {
			isa = PBXShellScriptBuildPhase;
			buildActionMask = 2147483647;
			files = (
			);
			inputFileListPaths = (
			);
			inputPaths = (
			);
			outputFileListPaths = (
			);
			outputPaths = (
			);
			runOnlyForDeploymentPostprocessing = 0;
			shellPath = /bin/sh;
			shellScript = "if [ -f './Job Assistant/env-vars.sh' ]\nthen\nsource './Job Assistant/env-vars.sh'\nfi\n\"$SRCROOT\"/Job\\ Assistant/AddEnvironmentVariables.rb\n";
		};
/* End PBXShellScriptBuildPhase section */

/* Begin PBXSourcesBuildPhase section */
		120D640E2B55B3E500BDCB00 /* Sources */ = {
			isa = PBXSourcesBuildPhase;
			buildActionMask = 2147483647;
			files = (
				12A9A5C52B56CC5800D007A1 /* JACommons.swift in Sources */,
				12A9A5B82B56C53200D007A1 /* JAChatViewController.swift in Sources */,
				12B2EA752B581C96006C934D /* EnvironmentVariables.swift in Sources */,
				12A9A5C72B56D2D000D007A1 /* JAChatTextView.swift in Sources */,
				12A9A5BB2B56C58100D007A1 /* JAChatView.swift in Sources */,
				120D64162B55B3E500BDCB00 /* AppDelegate.swift in Sources */,
				120D64182B55B3E500BDCB00 /* SceneDelegate.swift in Sources */,
				12A9A5BE2B56C79E00D007A1 /* JAChatTypingIndicatorView.swift in Sources */,
				12A9A5C32B56C89700D007A1 /* JAChatItemStore.swift in Sources */,
			);
			runOnlyForDeploymentPostprocessing = 0;
		};
/* End PBXSourcesBuildPhase section */

/* Begin PBXVariantGroup section */
		120D641B2B55B3E500BDCB00 /* Main.storyboard */ = {
			isa = PBXVariantGroup;
			children = (
				120D641C2B55B3E500BDCB00 /* Base */,
			);
			name = Main.storyboard;
			sourceTree = "<group>";
		};
		120D64202B55B3E600BDCB00 /* LaunchScreen.storyboard */ = {
			isa = PBXVariantGroup;
			children = (
				120D64212B55B3E600BDCB00 /* Base */,
			);
			name = LaunchScreen.storyboard;
			sourceTree = "<group>";
		};
/* End PBXVariantGroup section */

/* Begin XCBuildConfiguration section */
		120D64242B55B3E600BDCB00 /* Debug */ = {
			isa = XCBuildConfiguration;
			buildSettings = {
				ALWAYS_SEARCH_USER_PATHS = NO;
				ASSETCATALOG_COMPILER_GENERATE_SWIFT_ASSET_SYMBOL_EXTENSIONS = YES;
				CLANG_ANALYZER_NONNULL = YES;
				CLANG_ANALYZER_NUMBER_OBJECT_CONVERSION = YES_AGGRESSIVE;
				CLANG_CXX_LANGUAGE_STANDARD = "gnu++20";
				CLANG_ENABLE_MODULES = YES;
				CLANG_ENABLE_OBJC_ARC = YES;
				CLANG_ENABLE_OBJC_WEAK = YES;
				CLANG_WARN_BLOCK_CAPTURE_AUTORELEASING = YES;
				CLANG_WARN_BOOL_CONVERSION = YES;
				CLANG_WARN_COMMA = YES;
				CLANG_WARN_CONSTANT_CONVERSION = YES;
				CLANG_WARN_DEPRECATED_OBJC_IMPLEMENTATIONS = YES;
				CLANG_WARN_DIRECT_OBJC_ISA_USAGE = YES_ERROR;
				CLANG_WARN_DOCUMENTATION_COMMENTS = YES;
				CLANG_WARN_EMPTY_BODY = YES;
				CLANG_WARN_ENUM_CONVERSION = YES;
				CLANG_WARN_INFINITE_RECURSION = YES;
				CLANG_WARN_INT_CONVERSION = YES;
				CLANG_WARN_NON_LITERAL_NULL_CONVERSION = YES;
				CLANG_WARN_OBJC_IMPLICIT_RETAIN_SELF = YES;
				CLANG_WARN_OBJC_LITERAL_CONVERSION = YES;
				CLANG_WARN_OBJC_ROOT_CLASS = YES_ERROR;
				CLANG_WARN_QUOTED_INCLUDE_IN_FRAMEWORK_HEADER = YES;
				CLANG_WARN_RANGE_LOOP_ANALYSIS = YES;
				CLANG_WARN_STRICT_PROTOTYPES = YES;
				CLANG_WARN_SUSPICIOUS_MOVE = YES;
				CLANG_WARN_UNGUARDED_AVAILABILITY = YES_AGGRESSIVE;
				CLANG_WARN_UNREACHABLE_CODE = YES;
				CLANG_WARN__DUPLICATE_METHOD_MATCH = YES;
				COPY_PHASE_STRIP = NO;
				DEBUG_INFORMATION_FORMAT = dwarf;
				ENABLE_STRICT_OBJC_MSGSEND = YES;
				ENABLE_TESTABILITY = YES;
				ENABLE_USER_SCRIPT_SANDBOXING = YES;
				GCC_C_LANGUAGE_STANDARD = gnu17;
				GCC_DYNAMIC_NO_PIC = NO;
				GCC_NO_COMMON_BLOCKS = YES;
				GCC_OPTIMIZATION_LEVEL = 0;
				GCC_PREPROCESSOR_DEFINITIONS = (
					"DEBUG=1",
					"$(inherited)",
				);
				GCC_WARN_64_TO_32_BIT_CONVERSION = YES;
				GCC_WARN_ABOUT_RETURN_TYPE = YES_ERROR;
				GCC_WARN_UNDECLARED_SELECTOR = YES;
				GCC_WARN_UNINITIALIZED_AUTOS = YES_AGGRESSIVE;
				GCC_WARN_UNUSED_FUNCTION = YES;
				GCC_WARN_UNUSED_VARIABLE = YES;
				IPHONEOS_DEPLOYMENT_TARGET = 17.2;
				LOCALIZATION_PREFERS_STRING_CATALOGS = YES;
				MTL_ENABLE_DEBUG_INFO = INCLUDE_SOURCE;
				MTL_FAST_MATH = YES;
				ONLY_ACTIVE_ARCH = YES;
				SDKROOT = iphoneos;
				SWIFT_ACTIVE_COMPILATION_CONDITIONS = "DEBUG $(inherited)";
				SWIFT_OPTIMIZATION_LEVEL = "-Onone";
			};
			name = Debug;
		};
		120D64252B55B3E600BDCB00 /* Release */ = {
			isa = XCBuildConfiguration;
			buildSettings = {
				ALWAYS_SEARCH_USER_PATHS = NO;
				ASSETCATALOG_COMPILER_GENERATE_SWIFT_ASSET_SYMBOL_EXTENSIONS = YES;
				CLANG_ANALYZER_NONNULL = YES;
				CLANG_ANALYZER_NUMBER_OBJECT_CONVERSION = YES_AGGRESSIVE;
				CLANG_CXX_LANGUAGE_STANDARD = "gnu++20";
				CLANG_ENABLE_MODULES = YES;
				CLANG_ENABLE_OBJC_ARC = YES;
				CLANG_ENABLE_OBJC_WEAK = YES;
				CLANG_WARN_BLOCK_CAPTURE_AUTORELEASING = YES;
				CLANG_WARN_BOOL_CONVERSION = YES;
				CLANG_WARN_COMMA = YES;
				CLANG_WARN_CONSTANT_CONVERSION = YES;
				CLANG_WARN_DEPRECATED_OBJC_IMPLEMENTATIONS = YES;
				CLANG_WARN_DIRECT_OBJC_ISA_USAGE = YES_ERROR;
				CLANG_WARN_DOCUMENTATION_COMMENTS = YES;
				CLANG_WARN_EMPTY_BODY = YES;
				CLANG_WARN_ENUM_CONVERSION = YES;
				CLANG_WARN_INFINITE_RECURSION = YES;
				CLANG_WARN_INT_CONVERSION = YES;
				CLANG_WARN_NON_LITERAL_NULL_CONVERSION = YES;
				CLANG_WARN_OBJC_IMPLICIT_RETAIN_SELF = YES;
				CLANG_WARN_OBJC_LITERAL_CONVERSION = YES;
				CLANG_WARN_OBJC_ROOT_CLASS = YES_ERROR;
				CLANG_WARN_QUOTED_INCLUDE_IN_FRAMEWORK_HEADER = YES;
				CLANG_WARN_RANGE_LOOP_ANALYSIS = YES;
				CLANG_WARN_STRICT_PROTOTYPES = YES;
				CLANG_WARN_SUSPICIOUS_MOVE = YES;
				CLANG_WARN_UNGUARDED_AVAILABILITY = YES_AGGRESSIVE;
				CLANG_WARN_UNREACHABLE_CODE = YES;
				CLANG_WARN__DUPLICATE_METHOD_MATCH = YES;
				COPY_PHASE_STRIP = NO;
				DEBUG_INFORMATION_FORMAT = "dwarf-with-dsym";
				ENABLE_NS_ASSERTIONS = NO;
				ENABLE_STRICT_OBJC_MSGSEND = YES;
				ENABLE_USER_SCRIPT_SANDBOXING = YES;
				GCC_C_LANGUAGE_STANDARD = gnu17;
				GCC_NO_COMMON_BLOCKS = YES;
				GCC_WARN_64_TO_32_BIT_CONVERSION = YES;
				GCC_WARN_ABOUT_RETURN_TYPE = YES_ERROR;
				GCC_WARN_UNDECLARED_SELECTOR = YES;
				GCC_WARN_UNINITIALIZED_AUTOS = YES_AGGRESSIVE;
				GCC_WARN_UNUSED_FUNCTION = YES;
				GCC_WARN_UNUSED_VARIABLE = YES;
				IPHONEOS_DEPLOYMENT_TARGET = 17.2;
				LOCALIZATION_PREFERS_STRING_CATALOGS = YES;
				MTL_ENABLE_DEBUG_INFO = NO;
				MTL_FAST_MATH = YES;
				SDKROOT = iphoneos;
				SWIFT_COMPILATION_MODE = wholemodule;
				VALIDATE_PRODUCT = YES;
			};
			name = Release;
		};
		120D64272B55B3E600BDCB00 /* Debug */ = {
			isa = XCBuildConfiguration;
			buildSettings = {
				ASSETCATALOG_COMPILER_APPICON_NAME = AppIcon;
				ASSETCATALOG_COMPILER_GLOBAL_ACCENT_COLOR_NAME = AccentColor;
				CODE_SIGN_STYLE = Automatic;
				CURRENT_PROJECT_VERSION = 1;
				DEVELOPMENT_TEAM = VF6356JP9Z;
				ENABLE_USER_SCRIPT_SANDBOXING = NO;
				GENERATE_INFOPLIST_FILE = YES;
				INFOPLIST_FILE = "Job Assistant/Info.plist";
				INFOPLIST_KEY_UIApplicationSupportsIndirectInputEvents = YES;
				INFOPLIST_KEY_UILaunchStoryboardName = LaunchScreen;
				INFOPLIST_KEY_UIMainStoryboardFile = Main;
				INFOPLIST_KEY_UISupportedInterfaceOrientations_iPad = "UIInterfaceOrientationPortrait UIInterfaceOrientationPortraitUpsideDown UIInterfaceOrientationLandscapeLeft UIInterfaceOrientationLandscapeRight";
				INFOPLIST_KEY_UISupportedInterfaceOrientations_iPhone = "UIInterfaceOrientationPortrait UIInterfaceOrientationLandscapeLeft UIInterfaceOrientationLandscapeRight";
				LD_RUNPATH_SEARCH_PATHS = (
					"$(inherited)",
					"@executable_path/Frameworks",
				);
				MARKETING_VERSION = 1.0;
				PRODUCT_BUNDLE_IDENTIFIER = "com.ssms.Job-Assistant";
				PRODUCT_NAME = "$(TARGET_NAME)";
				SWIFT_EMIT_LOC_STRINGS = YES;
				SWIFT_VERSION = 5.0;
				TARGETED_DEVICE_FAMILY = "1,2";
			};
			name = Debug;
		};
		120D64282B55B3E600BDCB00 /* Release */ = {
			isa = XCBuildConfiguration;
			buildSettings = {
				ASSETCATALOG_COMPILER_APPICON_NAME = AppIcon;
				ASSETCATALOG_COMPILER_GLOBAL_ACCENT_COLOR_NAME = AccentColor;
				CODE_SIGN_STYLE = Automatic;
				CURRENT_PROJECT_VERSION = 1;
				DEVELOPMENT_TEAM = VF6356JP9Z;
				ENABLE_USER_SCRIPT_SANDBOXING = NO;
				GENERATE_INFOPLIST_FILE = YES;
				INFOPLIST_FILE = "Job Assistant/Info.plist";
				INFOPLIST_KEY_UIApplicationSupportsIndirectInputEvents = YES;
				INFOPLIST_KEY_UILaunchStoryboardName = LaunchScreen;
				INFOPLIST_KEY_UIMainStoryboardFile = Main;
				INFOPLIST_KEY_UISupportedInterfaceOrientations_iPad = "UIInterfaceOrientationPortrait UIInterfaceOrientationPortraitUpsideDown UIInterfaceOrientationLandscapeLeft UIInterfaceOrientationLandscapeRight";
				INFOPLIST_KEY_UISupportedInterfaceOrientations_iPhone = "UIInterfaceOrientationPortrait UIInterfaceOrientationLandscapeLeft UIInterfaceOrientationLandscapeRight";
				LD_RUNPATH_SEARCH_PATHS = (
					"$(inherited)",
					"@executable_path/Frameworks",
				);
				MARKETING_VERSION = 1.0;
				PRODUCT_BUNDLE_IDENTIFIER = "com.ssms.Job-Assistant";
				PRODUCT_NAME = "$(TARGET_NAME)";
				SWIFT_EMIT_LOC_STRINGS = YES;
				SWIFT_VERSION = 5.0;
				TARGETED_DEVICE_FAMILY = "1,2";
			};
			name = Release;
		};
/* End XCBuildConfiguration section */

/* Begin XCConfigurationList section */
		120D640D2B55B3E400BDCB00 /* Build configuration list for PBXProject "Job Assistant" */ = {
			isa = XCConfigurationList;
			buildConfigurations = (
				120D64242B55B3E600BDCB00 /* Debug */,
				120D64252B55B3E600BDCB00 /* Release */,
			);
			defaultConfigurationIsVisible = 0;
			defaultConfigurationName = Release;
		};
		120D64262B55B3E600BDCB00 /* Build configuration list for PBXNativeTarget "Job Assistant" */ = {
			isa = XCConfigurationList;
			buildConfigurations = (
				120D64272B55B3E600BDCB00 /* Debug */,
				120D64282B55B3E600BDCB00 /* Release */,
			);
			defaultConfigurationIsVisible = 0;
			defaultConfigurationName = Release;
		};
/* End XCConfigurationList section */
	};
	rootObject = 120D640A2B55B3E400BDCB00 /* Project object */;
}
